
Microsoft Visual Studio Solution File, Format Version 12.00
# Visual Studio Version 17
VisualStudioVersion = 17.0.32014.148
MinimumVisualStudioVersion = 10.0.40219.1
Project("{FAE04EC0-301F-11D3-BF4B-00C04F79EFBC}") = "CalcularIMC_33", "CalcularIMC_33\CalcularIMC_33.csproj", "{AF34BDC6-A35D-4E3E-98B6-F595C2BE0100}"
EndProject
Global
	GlobalSection(SolutionConfigurationPlatforms) = preSolution
		Debug|Any CPU = Debug|Any CPU
		Release|Any CPU = Release|Any CPU
	EndGlobalSection
	GlobalSection(ProjectConfigurationPlatforms) = postSolution
		{AF34BDC6-A35D-4E3E-98B6-F595C2BE0100}.Debug|Any CPU.ActiveCfg = Debug|Any CPU
		{AF34BDC6-A35D-4E3E-98B6-F595C2BE0100}.Debug|Any CPU.Build.0 = Debug|Any CPU
		{AF34BDC6-A35D-4E3E-98B6-F595C2BE0100}.Release|Any CPU.ActiveCfg = Release|Any CPU
		{AF34BDC6-A35D-4E3E-98B6-F595C2BE0100}.Release|Any CPU.Build.0 = Release|Any CPU
	EndGlobalSection
	GlobalSection(SolutionProperties) = preSolution
		HideSolutionNode = FALSE
	EndGlobalSection
	GlobalSection(ExtensibilityGlobals) = postSolution
		SolutionGuid = {2D7FF48F-4411-428D-AF2A-B0DDF619F430}
	EndGlobalSection
EndGlobal
